PODS:
  - AFNetworking (3.2.1):
    - AFNetworking/NSURLSession (= 3.2.1)
    - AFNetworking/Reachability (= 3.2.1)
    - AFNetworking/Security (= 3.2.1)
    - AFNetworking/Serialization (= 3.2.1)
    - AFNetworking/UIKit (= 3.2.1)
  - AFNetworking/NSURLSession (3.2.1):
    - AFNetworking/Reachability
    - AFNetworking/Security
    - AFNetworking/Serialization
  - AFNetworking/Reachability (3.2.1)
  - AFNetworking/Security (3.2.1)
  - AFNetworking/Serialization (3.2.1)
  - AFNetworking/UIKit (3.2.1):
    - AFNetworking/NSURLSession
  - Bolts (1.9.0):
    - Bolts/AppLinks (= 1.9.0)
    - Bolts/Tasks (= 1.9.0)
  - Bolts/AppLinks (1.9.0):
    - Bolts/Tasks
  - Bolts/Tasks (1.9.0)
  - Crashlytics (3.10.9):
    - Fabric (~> 1.7.13)
  - CTMediator (25)
  - CTPersistance (189):
    - CTMediator
    - SQLCipher
  - CTVideoPlayerView (1.4.5):
    - AFNetworking
    - CTPersistance
    - HandyFrame
  - Fabric (1.7.13)
  - FFCircularProgressView (0.5)
  - FirebaseAnalytics (3.9.0):
    - FirebaseCore (~> 3.6)
    - FirebaseInstanceID (~> 1.0)
    - "GoogleToolboxForMac/NSData+zlib (~> 2.1)"
  - FirebaseCore (3.6.0):
    - "GoogleToolboxForMac/NSData+zlib (~> 2.1)"
  - FirebaseInstanceID (1.0.10):
    - FirebaseCore (~> 3.6)
  - Google/Analytics (3.1.0):
    - Google/Core
    - GoogleAnalytics (~> 3.12)
  - Google/Core (3.1.0):
    - FirebaseAnalytics (~> 3.2)
  - Google/SignIn (3.1.0):
    - Google/Core
    - GoogleSignIn (~> 4.0)
  - GoogleAnalytics (3.17.0)
  - GoogleSignIn (4.3.0):
    - "GoogleToolboxForMac/NSDictionary+URLArguments (~> 2.1)"
    - "GoogleToolboxForMac/NSString+URLArguments (~> 2.1)"
    - GTMOAuth2 (~> 1.0)
    - GTMSessionFetcher/Core (~> 1.1)
  - GoogleToolboxForMac/DebugUtils (2.1.4):
    - GoogleToolboxForMac/Defines (= 2.1.4)
  - GoogleToolboxForMac/Defines (2.1.4)
  - "GoogleToolboxForMac/NSData+zlib (2.1.4)":
    - GoogleToolboxForMac/Defines (= 2.1.4)
  - "GoogleToolboxForMac/NSDictionary+URLArguments (2.1.4)":
    - GoogleToolboxForMac/DebugUtils (= 2.1.4)
    - GoogleToolboxForMac/Defines (= 2.1.4)
    - "GoogleToolboxForMac/NSString+URLArguments (= 2.1.4)"
  - "GoogleToolboxForMac/NSString+URLArguments (2.1.4)"
  - GTMOAuth2 (1.1.6):
    - GTMSessionFetcher (~> 1.1)
  - GTMSessionFetcher (1.2.0):
    - GTMSessionFetcher/Full (= 1.2.0)
  - GTMSessionFetcher/Core (1.2.0)
  - GTMSessionFetcher/Full (1.2.0):
    - GTMSessionFetcher/Core (= 1.2.0)
  - HandyFrame (1.2.0)
  - MPGNotification (1.2.5)
  - OneSignal (2.9.0)
  - QMChatViewController (0.6.6):
    - FFCircularProgressView
    - QMChatViewController/Categories (= 0.6.6)
    - QMChatViewController/Protocols (= 0.6.6)
    - QMChatViewController/QMChatDataSource (= 0.6.6)
    - QMChatViewController/QMChatLocationSnapshotter (= 0.6.6)
    - QMChatViewController/Utils (= 0.6.6)
    - QMChatViewController/Views (= 0.6.6)
    - QuickBlox
    - SDWebImage
    - TTTAttributedLabel
  - QMChatViewController/Categories (0.6.6):
    - FFCircularProgressView
    - QuickBlox
    - SDWebImage
    - TTTAttributedLabel
  - QMChatViewController/Protocols (0.6.6):
    - FFCircularProgressView
    - QuickBlox
    - SDWebImage
    - TTTAttributedLabel
  - QMChatViewController/QMChatDataSource (0.6.6):
    - FFCircularProgressView
    - QMChatViewController/Utils
    - QuickBlox
    - SDWebImage
    - TTTAttributedLabel
  - QMChatViewController/QMChatLocationSnapshotter (0.6.6):
    - FFCircularProgressView
    - QMChatViewController/Utils
    - QuickBlox
    - SDWebImage
    - TTTAttributedLabel
  - QMChatViewController/Utils (0.6.6):
    - FFCircularProgressView
    - QMChatViewController/Categories
    - QuickBlox
    - SDWebImage
    - TTTAttributedLabel
  - QMChatViewController/Views (0.6.6):
    - FFCircularProgressView
    - QMChatViewController/Categories
    - QMChatViewController/Protocols
    - QMChatViewController/Utils
    - QuickBlox
    - SDWebImage
    - TTTAttributedLabel
  - QMServices (0.6.2):
    - Bolts (>= 1.9.0)
    - QuickBlox (>= 2.17)
  - QRCodeReaderViewController (4.0.2)
  - QuickBlox (2.17.1)
  - SDWebImage (4.4.2):
    - SDWebImage/Core (= 4.4.2)
  - SDWebImage/Core (4.4.2)
  - SearchEmojiOnString (1.1.0)
  - SQLCipher (3.4.2):
    - SQLCipher/standard (= 3.4.2)
  - SQLCipher/common (3.4.2)
  - SQLCipher/standard (3.4.2):
    - SQLCipher/common
  - SVProgressHUD (1.1.3)
  - TOCropViewController (2.3.8)
  - TTTAttributedLabel (2.0.0)
  - "UIAlertView+Blocks (0.9)"
  - youtube-ios-player-helper (0.1.6)

DEPENDENCIES:
  - Crashlytics
  - CTVideoPlayerView
  - Fabric
  - Google/Analytics
  - Google/SignIn
  - MPGNotification
  - OneSignal (< 3.0, >= 2.5.2)
  - QMChatViewController
  - QMServices
  - QRCodeReaderViewController (~> 4.0.2)
  - SDWebImage
  - SearchEmojiOnString
  - SVProgressHUD (~> 1.1.3)
  - TOCropViewController
  - "UIAlertView+Blocks"
  - youtube-ios-player-helper (~> 0.1.4)

SPEC REPOS:
  https://github.com/cocoapods/specs.git:
    - AFNetworking
    - Bolts
    - Crashlytics
    - CTMediator
    - CTPersistance
    - CTVideoPlayerView
    - Fabric
    - FFCircularProgressView
    - FirebaseAnalytics
    - FirebaseCore
    - FirebaseInstanceID
    - Google
    - GoogleAnalytics
    - GoogleSignIn
    - GoogleToolboxForMac
    - GTMOAuth2
    - GTMSessionFetcher
    - HandyFrame
    - MPGNotification
    - OneSignal
    - QMChatViewController
    - QMServices
    - QRCodeReaderViewController
    - QuickBlox
    - SDWebImage
    - SearchEmojiOnString
    - SQLCipher
    - SVProgressHUD
    - TOCropViewController
    - TTTAttributedLabel
    - "UIAlertView+Blocks"
    - youtube-ios-player-helper

SPEC CHECKSUMS:
  AFNetworking: b6f891fdfaed196b46c7a83cf209e09697b94057
  Bolts: ac6567323eac61e203f6a9763667d0f711be34c8
  Crashlytics: 55e24fc23989680285a21cb1146578d9d18e432c
  CTMediator: 830c1fc204b3a6abf2a059510c7380f56343da0f
  CTPersistance: c9d4f20d65455df59ab74e2c195e740aac585f72
  CTVideoPlayerView: b3cd14620d68127cb9ea5d61d38a7ce0d6fed332
  Fabric: 25d0963b691fc97be566392243ff0ecef5a68338
  FFCircularProgressView: 683a4ab1e1bd613246a3dffa61503ffdebcde8d8
  FirebaseAnalytics: e5fe8486efc01bec33f6bf82e2fa9fce4b124052
  FirebaseCore: 9691ee2ade70c098d7cf92440f4303f16d83ca75
  FirebaseInstanceID: b9eedd6846fb5e1f0f7279e1deaa7a7e4cf8392e
  Google: 98da4b1a60ed0beb80a290387a28333406a1eb90
  GoogleAnalytics: f42cc53a87a51fe94334821868d9c8481ff47a7b
  GoogleSignIn: 11183592dc63e105475c7305a325045ff95e02b7
  GoogleToolboxForMac: 91c824d21e85b31c2aae9bb011c5027c9b4e738f
  GTMOAuth2: c77fe325e4acd453837e72d91e3b5f13116857b2
  GTMSessionFetcher: 0c4baf0a73acd0041bf9f71ea018deedab5ea84e
  HandyFrame: 437df83ba7563c56cd55b9bd0128561995463110
  MPGNotification: 42d24c02ef1ca0b4dad54cd963eb99965e21d848
  OneSignal: fc816c9dc308ea4f60348a02500db8198b43cf69
  QMChatViewController: 43e22929d4abbdb88cc5db5b25c54f13dbfe8373
  QMServices: 96ee12749db0497cfb6543db9c4b11e8f913e2d7
  QRCodeReaderViewController: e8f27d035b3e72b1d4b1c61ff66458287e3be0ff
  QuickBlox: b8c327b61db8382880bd41185703acf228105a1c
  SDWebImage: 624d6e296c69b244bcede364c72ae0430ac14681
  SearchEmojiOnString: 7344970449603396555d058a0dc297b5471bafa7
  SQLCipher: f9fcf29b2e59ced7defc2a2bdd0ebe79b40d4990
  SVProgressHUD: 748080e4f36e603f6c02aec292664239df5279c1
  TOCropViewController: 0a075f02c253e88095143bbac7b013fc6fba5090
  TTTAttributedLabel: 8cffe8e127e4e82ff3af1e5386d4cd0ad000b656
  "UIAlertView+Blocks": a46c99c5144f6c5dbc7d62fd2a0678daceec89a3
  youtube-ios-player-helper: 21ab92db027c7ff86cb17a3843a3f6eafc8158d2

PODFILE CHECKSUM: 53d811c72f7eee8451171757f070f3d862d9f0cd

COCOAPODS: 1.5.3
